
Microsoft Visual Studio Solution File, Format Version 12.00
# Visual Studio Version 16
VisualStudioVersion = 16.0.30114.105
MinimumVisualStudioVersion = 10.0.40219.1
Project("{2150E333-8FDC-42A3-9474-1A3956D46DE8}") = "src", "src", "{17658980-A4C0-473F-AC77-E4BD1883BF06}"
EndProject
Project("{FAE04EC0-301F-11D3-BF4B-00C04F79EFBC}") = "usings", "src\usings\usings.csproj", "{1C84D432-BCE1-49CB-B625-87227098CBA3}"
EndProject
Project("{FAE04EC0-301F-11D3-BF4B-00C04F79EFBC}") = "records", "src\records\records.csproj", "{C2E4848B-0E05-4987-8931-5ABCF00EC2ED}"
EndProject
Project("{FAE04EC0-301F-11D3-BF4B-00C04F79EFBC}") = "lambda", "src\lambda\lambda.csproj", "{4E489508-2B53-426C-908C-78E3E9DD8758}"
EndProject
Global
	GlobalSection(SolutionConfigurationPlatforms) = preSolution
		Debug|Any CPU = Debug|Any CPU
		Release|Any CPU = Release|Any CPU
	EndGlobalSection
	GlobalSection(SolutionProperties) = preSolution
		HideSolutionNode = FALSE
	EndGlobalSection
	GlobalSection(ProjectConfigurationPlatforms) = postSolution
		{1C84D432-BCE1-49CB-B625-87227098CBA3}.Debug|Any CPU.ActiveCfg = Debug|Any CPU
		{1C84D432-BCE1-49CB-B625-87227098CBA3}.Debug|Any CPU.Build.0 = Debug|Any CPU
		{1C84D432-BCE1-49CB-B625-87227098CBA3}.Release|Any CPU.ActiveCfg = Release|Any CPU
		{1C84D432-BCE1-49CB-B625-87227098CBA3}.Release|Any CPU.Build.0 = Release|Any CPU
		{C2E4848B-0E05-4987-8931-5ABCF00EC2ED}.Debug|Any CPU.ActiveCfg = Debug|Any CPU
		{C2E4848B-0E05-4987-8931-5ABCF00EC2ED}.Debug|Any CPU.Build.0 = Debug|Any CPU
		{C2E4848B-0E05-4987-8931-5ABCF00EC2ED}.Release|Any CPU.ActiveCfg = Release|Any CPU
		{C2E4848B-0E05-4987-8931-5ABCF00EC2ED}.Release|Any CPU.Build.0 = Release|Any CPU
		{4E489508-2B53-426C-908C-78E3E9DD8758}.Debug|Any CPU.ActiveCfg = Debug|Any CPU
		{4E489508-2B53-426C-908C-78E3E9DD8758}.Debug|Any CPU.Build.0 = Debug|Any CPU
		{4E489508-2B53-426C-908C-78E3E9DD8758}.Release|Any CPU.ActiveCfg = Release|Any CPU
		{4E489508-2B53-426C-908C-78E3E9DD8758}.Release|Any CPU.Build.0 = Release|Any CPU
	EndGlobalSection
	GlobalSection(NestedProjects) = preSolution
		{1C84D432-BCE1-49CB-B625-87227098CBA3} = {17658980-A4C0-473F-AC77-E4BD1883BF06}
		{C2E4848B-0E05-4987-8931-5ABCF00EC2ED} = {17658980-A4C0-473F-AC77-E4BD1883BF06}
		{4E489508-2B53-426C-908C-78E3E9DD8758} = {17658980-A4C0-473F-AC77-E4BD1883BF06}
	EndGlobalSection
EndGlobal
